
Microsoft Visual Studio Solution File, Format Version 12.00
# Visual Studio Version 16
VisualStudioVersion = 16.0.32002.261
MinimumVisualStudioVersion = 10.0.40219.1
Project("{FAE04EC0-301F-11D3-BF4B-00C04F79EFBC}") = "StripComments", "StripComments\StripComments.csproj", "{4209B2B5-27C2-4603-8534-83C0D371EA6D}"
EndProject
Global
	GlobalSection(SolutionConfigurationPlatforms) = preSolution
		Debug|Any CPU = Debug|Any CPU
		Release|Any CPU = Release|Any CPU
	EndGlobalSection
	GlobalSection(ProjectConfigurationPlatforms) = postSolution
		{4209B2B5-27C2-4603-8534-83C0D371EA6D}.Debug|Any CPU.ActiveCfg = Debug|Any CPU
		{4209B2B5-27C2-4603-8534-83C0D371EA6D}.Debug|Any CPU.Build.0 = Debug|Any CPU
		{4209B2B5-27C2-4603-8534-83C0D371EA6D}.Release|Any CPU.ActiveCfg = Release|Any CPU
		{4209B2B5-27C2-4603-8534-83C0D371EA6D}.Release|Any CPU.Build.0 = Release|Any CPU
	EndGlobalSection
	GlobalSection(SolutionProperties) = preSolution
		HideSolutionNode = FALSE
	EndGlobalSection
	GlobalSection(ExtensibilityGlobals) = postSolution
		SolutionGuid = {B7C378DD-6C80-4579-846D-108A76FAA93E}
	EndGlobalSection
EndGlobal
